packages:
  - name: dbt_utils
    package: dbt-labs/dbt_utils
    version: 1.3.1
  - name: audit_helper
    package: dbt-labs/audit_helper
    version: 0.12.1
  - git: https://github.com/dbt-labs/dbt-codegen.git
    name: codegen
    revision: 474f7a10582b74b03fa9c065847b6f0463d24c23
sha1_hash: dd70289947857ed5736a10428a76df122d94932e
